
Microsoft Visual Studio Solution File, Format Version 12.00
# Visual Studio Version 17
VisualStudioVersion = 17.11.35327.3
MinimumVisualStudioVersion = 10.0.40219.1
Project("{FAE04EC0-301F-11D3-BF4B-00C04F79EFBC}") = "BookQuoteAPI", "BookQuoteAPI\BookQuoteAPI.csproj", "{A17F2B32-D0C6-47D1-B5F6-DBCA64B5CDFE}"
EndProject
Global
	GlobalSection(SolutionConfigurationPlatforms) = preSolution
		Debug|Any CPU = Debug|Any CPU
		Release|Any CPU = Release|Any CPU
	EndGlobalSection
	GlobalSection(ProjectConfigurationPlatforms) = postSolution
		{A17F2B32-D0C6-47D1-B5F6-DBCA64B5CDFE}.Debug|Any CPU.ActiveCfg = Debug|Any CPU
		{A17F2B32-D0C6-47D1-B5F6-DBCA64B5CDFE}.Debug|Any CPU.Build.0 = Debug|Any CPU
		{A17F2B32-D0C6-47D1-B5F6-DBCA64B5CDFE}.Release|Any CPU.ActiveCfg = Release|Any CPU
		{A17F2B32-D0C6-47D1-B5F6-DBCA64B5CDFE}.Release|Any CPU.Build.0 = Release|Any CPU
	EndGlobalSection
	GlobalSection(SolutionProperties) = preSolution
		HideSolutionNode = FALSE
	EndGlobalSection
	GlobalSection(ExtensibilityGlobals) = postSolution
		SolutionGuid = {69052324-263C-4E87-9EC6-5F2DEEC9D175}
	EndGlobalSection
EndGlobal
